// !$*UTF8*$!
{
	archiveVersion = 1;
	classes = {
	};
	objectVersion = 77;
	objects = {

/* Begin PBXBuildFile section */
		3A5CA8B22DA32EF600DA6C93 /* FirebaseStorage in Frameworks */ = {isa = PBXBuildFile; productRef = 3A5CA8B12DA32EF600DA6C93 /* FirebaseStorage */; };
		3A5CA8B42DA32EF600DA6C93 /* FirebaseStorageCombine-Community in Frameworks */ = {isa = PBXBuildFile; productRef = 3A5CA8B32DA32EF600DA6C93 /* FirebaseStorageCombine-Community */; };
		3AD0721E2D98762B000D37FB /* FirebaseAuth in Frameworks */ = {isa = PBXBuildFile; productRef = 3AD0721D2D98762B000D37FB /* FirebaseAuth */; };
		3AF2E1792D99FB30006C5787 /* FirebaseFirestore in Frameworks */ = {isa = PBXBuildFile; productRef = 3AF2E1782D99FB30006C5787 /* FirebaseFirestore */; };
		3AF2E17B2D99FB30006C5787 /* FirebaseFirestoreCombine-Community in Frameworks */ = {isa = PBXBuildFile; productRef = 3AF2E17A2D99FB30006C5787 /* FirebaseFirestoreCombine-Community */; };
/* End PBXBuildFile section */

/* Begin PBXContainerItemProxy section */
		3AD071F82D98679B000D37FB /* PBXContainerItemProxy */ = {
			isa = PBXContainerItemProxy;
			containerPortal = 3AD071DF2D986799000D37FB /* Project object */;
			proxyType = 1;
			remoteGlobalIDString = 3AD071E62D986799000D37FB;
			remoteInfo = Lexicon;
		};
		3AD072022D98679B000D37FB /* PBXContainerItemProxy */ = {
			isa = PBXContainerItemProxy;
			containerPortal = 3AD071DF2D986799000D37FB /* Project object */;
			proxyType = 1;
			remoteGlobalIDString = 3AD071E62D986799000D37FB;
			remoteInfo = Lexicon;
		};
/* End PBXContainerItemProxy section */

/* Begin PBXFileReference section */
		3AD071E72D986799000D37FB /* Lexicon.app */ = {isa = PBXFileReference; explicitFileType = wrapper.application; includeInIndex = 0; path = Lexicon.app; sourceTree = BUILT_PRODUCTS_DIR; };
		3AD071F72D98679B000D37FB /* LexiconTests.xctest */ = {isa = PBXFileReference; explicitFileType = wrapper.cfbundle; includeInIndex = 0; path = LexiconTests.xctest; sourceTree = BUILT_PRODUCTS_DIR; };
		3AD072012D98679B000D37FB /* LexiconUITests.xctest */ = {isa = PBXFileReference; explicitFileType = wrapper.cfbundle; includeInIndex = 0; path = LexiconUITests.xctest; sourceTree = BUILT_PRODUCTS_DIR; };
/* End PBXFileReference section */

/* Begin PBXFileSystemSynchronizedBuildFileExceptionSet section */
		3A65FDDD2DB5D7C30061B70D /* Exceptions for "Lexicon" folder in "Lexicon" target */ = {
			isa = PBXFileSystemSynchronizedBuildFileExceptionSet;
			membershipExceptions = (
				Info.plist,
			);
			target = 3AD071E62D986799000D37FB /* Lexicon */;
		};
/* End PBXFileSystemSynchronizedBuildFileExceptionSet section */

/* Begin PBXFileSystemSynchronizedRootGroup section */
		3AD071E92D986799000D37FB /* Lexicon */ = {
			isa = PBXFileSystemSynchronizedRootGroup;
			exceptions = (
				3A65FDDD2DB5D7C30061B70D /* Exceptions for "Lexicon" folder in "Lexicon" target */,
			);
			path = Lexicon;
			sourceTree = "<group>";
		};
/* End PBXFileSystemSynchronizedRootGroup section */

/* Begin PBXFrameworksBuildPhase section */
		3AD071E42D986799000D37FB /* Frameworks */ = {
			isa = PBXFrameworksBuildPhase;
			buildActionMask = 2147483647;
			files = (
				3AF2E17B2D99FB30006C5787 /* FirebaseFirestoreCombine-Community in Frameworks */,
				3A5CA8B22DA32EF600DA6C93 /* FirebaseStorage in Frameworks */,
				3A5CA8B42DA32EF600DA6C93 /* FirebaseStorageCombine-Community in Frameworks */,
				3AD0721E2D98762B000D37FB /* FirebaseAuth in Frameworks */,
				3AF2E1792D99FB30006C5787 /* FirebaseFirestore in Frameworks */,
			);
			runOnlyForDeploymentPostprocessing = 0;
		};
		3AD071F42D98679B000D37FB /* Frameworks */ = {
			isa = PBXFrameworksBuildPhase;
			buildActionMask = 2147483647;
			files = (
			);
			runOnlyForDeploymentPostprocessing = 0;
		};
		3AD071FE2D98679B000D37FB /* Frameworks */ = {
			isa = PBXFrameworksBuildPhase;
			buildActionMask = 2147483647;
			files = (
			);
			runOnlyForDeploymentPostprocessing = 0;
		};
/* End PBXFrameworksBuildPhase section */

/* Begin PBXGroup section */
		3AD071DE2D986799000D37FB = {
			isa = PBXGroup;
			children = (
				3AD071E92D986799000D37FB /* Lexicon */,
				3AD071E82D986799000D37FB /* Products */,
			);
			sourceTree = "<group>";
		};
		3AD071E82D986799000D37FB /* Products */ = {
			isa = PBXGroup;
			children = (
				3AD071E72D986799000D37FB /* Lexicon.app */,
				3AD071F72D98679B000D37FB /* LexiconTests.xctest */,
				3AD072012D98679B000D37FB /* LexiconUITests.xctest */,
			);
			name = Products;
			sourceTree = "<group>";
		};
/* End PBXGroup section */

/* Begin PBXNativeTarget section */
		3AD071E62D986799000D37FB /* Lexicon */ = {
			isa = PBXNativeTarget;
			buildConfigurationList = 3AD0720B2D98679B000D37FB /* Build configuration list for PBXNativeTarget "Lexicon" */;
			buildPhases = (
				3AD071E32D986799000D37FB /* Sources */,
				3AD071E42D986799000D37FB /* Frameworks */,
				3AD071E52D986799000D37FB /* Resources */,
			);
			buildRules = (
			);
			dependencies = (
			);
			fileSystemSynchronizedGroups = (
				3AD071E92D986799000D37FB /* Lexicon */,
			);
			name = Lexicon;
			packageProductDependencies = (
				3AD0721D2D98762B000D37FB /* FirebaseAuth */,
				3AF2E1782D99FB30006C5787 /* FirebaseFirestore */,
				3AF2E17A2D99FB30006C5787 /* FirebaseFirestoreCombine-Community */,
				3A5CA8B12DA32EF600DA6C93 /* FirebaseStorage */,
				3A5CA8B32DA32EF600DA6C93 /* FirebaseStorageCombine-Community */,
			);
			productName = Lexicon;
			productReference = 3AD071E72D986799000D37FB /* Lexicon.app */;
			productType = "com.apple.product-type.application";
		};
		3AD071F62D98679B000D37FB /* LexiconTests */ = {
			isa = PBXNativeTarget;
			buildConfigurationList = 3AD0720E2D98679B000D37FB /* Build configuration list for PBXNativeTarget "LexiconTests" */;
			buildPhases = (
				3AD071F32D98679B000D37FB /* Sources */,
				3AD071F42D98679B000D37FB /* Frameworks */,
				3AD071F52D98679B000D37FB /* Resources */,
			);
			buildRules = (
			);
			dependencies = (
				3AD071F92D98679B000D37FB /* PBXTargetDependency */,
			);
			name = LexiconTests;
			packageProductDependencies = (
			);
			productName = LexiconTests;
			productReference = 3AD071F72D98679B000D37FB /* LexiconTests.xctest */;
			productType = "com.apple.product-type.bundle.unit-test";
		};
		3AD072002D98679B000D37FB /* LexiconUITests */ = {
			isa = PBXNativeTarget;
			buildConfigurationList = 3AD072112D98679B000D37FB /* Build configuration list for PBXNativeTarget "LexiconUITests" */;
			buildPhases = (
				3AD071FD2D98679B000D37FB /* Sources */,
				3AD071FE2D98679B000D37FB /* Frameworks */,
				3AD071FF2D98679B000D37FB /* Resources */,
			);
			buildRules = (
			);
			dependencies = (
				3AD072032D98679B000D37FB /* PBXTargetDependency */,
			);
			name = LexiconUITests;
			packageProductDependencies = (
			);
			productName = LexiconUITests;
			productReference = 3AD072012D98679B000D37FB /* LexiconUITests.xctest */;
			productType = "com.apple.product-type.bundle.ui-testing";
		};
/* End PBXNativeTarget section */

/* Begin PBXProject section */
		3AD071DF2D986799000D37FB /* Project object */ = {
			isa = PBXProject;
			attributes = {
				BuildIndependentTargetsInParallel = 1;
				LastSwiftUpdateCheck = 1620;
				LastUpgradeCheck = 1620;
				TargetAttributes = {
					3AD071E62D986799000D37FB = {
						CreatedOnToolsVersion = 16.2;
					};
					3AD071F62D98679B000D37FB = {
						CreatedOnToolsVersion = 16.2;
						TestTargetID = 3AD071E62D986799000D37FB;
					};
					3AD072002D98679B000D37FB = {
						CreatedOnToolsVersion = 16.2;
						TestTargetID = 3AD071E62D986799000D37FB;
					};
				};
			};
			buildConfigurationList = 3AD071E22D986799000D37FB /* Build configuration list for PBXProject "Lexicon" */;
			developmentRegion = en;
			hasScannedForEncodings = 0;
			knownRegions = (
				en,
				Base,
			);
			mainGroup = 3AD071DE2D986799000D37FB;
			minimizedProjectReferenceProxies = 1;
			packageReferences = (
				3AD0721C2D98762B000D37FB /* XCRemoteSwiftPackageReference "firebase-ios-sdk" */,
			);
			preferredProjectObjectVersion = 77;
			productRefGroup = 3AD071E82D986799000D37FB /* Products */;
			projectDirPath = "";
			projectRoot = "";
			targets = (
				3AD071E62D986799000D37FB /* Lexicon */,
				3AD071F62D98679B000D37FB /* LexiconTests */,
				3AD072002D98679B000D37FB /* LexiconUITests */,
			);
		};
/* End PBXProject section */

/* Begin PBXResourcesBuildPhase section */
		3AD071E52D986799000D37FB /* Resources */ = {
			isa = PBXResourcesBuildPhase;
			buildActionMask = 2147483647;
			files = (
			);
			runOnlyForDeploymentPostprocessing = 0;
		};
		3AD071F52D98679B000D37FB /* Resources */ = {
			isa = PBXResourcesBuildPhase;
			buildActionMask = 2147483647;
			files = (
			);
			runOnlyForDeploymentPostprocessing = 0;
		};
		3AD071FF2D98679B000D37FB /* Resources */ = {
			isa = PBXResourcesBuildPhase;
			buildActionMask = 2147483647;
			files = (
			);
			runOnlyForDeploymentPostprocessing = 0;
		};
/* End PBXResourcesBuildPhase section */

/* Begin PBXSourcesBuildPhase section */
		3AD071E32D986799000D37FB /* Sources */ = {
			isa = PBXSourcesBuildPhase;
			buildActionMask = 2147483647;
			files = (
			);
			runOnlyForDeploymentPostprocessing = 0;
		};
		3AD071F32D98679B000D37FB /* Sources */ = {
			isa = PBXSourcesBuildPhase;
			buildActionMask = 2147483647;
			files = (
			);
			runOnlyForDeploymentPostprocessing = 0;
		};
		3AD071FD2D98679B000D37FB /* Sources */ = {
			isa = PBXSourcesBuildPhase;
			buildActionMask = 2147483647;
			files = (
			);
			runOnlyForDeploymentPostprocessing = 0;
		};
/* End PBXSourcesBuildPhase section */

/* Begin PBXTargetDependency section */
		3AD071F92D98679B000D37FB /* PBXTargetDependency */ = {
			isa = PBXTargetDependency;
			target = 3AD071E62D986799000D37FB /* Lexicon */;
			targetProxy = 3AD071F82D98679B000D37FB /* PBXContainerItemProxy */;
		};
		3AD072032D98679B000D37FB /* PBXTargetDependency */ = {
			isa = PBXTargetDependency;
			target = 3AD071E62D986799000D37FB /* Lexicon */;
			targetProxy = 3AD072022D98679B000D37FB /* PBXContainerItemProxy */;
		};
/* End PBXTargetDependency section */

/* Begin XCBuildConfiguration section */
		3AD072092D98679B000D37FB /* Debug */ = {
			isa = XCBuildConfiguration;
			buildSettings = {
				ALWAYS_SEARCH_USER_PATHS = NO;
				ASSETCATALOG_COMPILER_GENERATE_SWIFT_ASSET_SYMBOL_EXTENSIONS = YES;
				CLANG_ANALYZER_NONNULL = YES;
				CLANG_ANALYZER_NUMBER_OBJECT_CONVERSION = YES_AGGRESSIVE;
				CLANG_CXX_LANGUAGE_STANDARD = "gnu++20";
				CLANG_ENABLE_MODULES = YES;
				CLANG_ENABLE_OBJC_ARC = YES;
				CLANG_ENABLE_OBJC_WEAK = YES;
				CLANG_WARN_BLOCK_CAPTURE_AUTORELEASING = YES;
				CLANG_WARN_BOOL_CONVERSION = YES;
				CLANG_WARN_COMMA = YES;
				CLANG_WARN_CONSTANT_CONVERSION = YES;
				CLANG_WARN_DEPRECATED_OBJC_IMPLEMENTATIONS = YES;
				CLANG_WARN_DIRECT_OBJC_ISA_USAGE = YES_ERROR;
				CLANG_WARN_DOCUMENTATION_COMMENTS = YES;
				CLANG_WARN_EMPTY_BODY = YES;
				CLANG_WARN_ENUM_CONVERSION = YES;
				CLANG_WARN_INFINITE_RECURSION = YES;
				CLANG_WARN_INT_CONVERSION = YES;
				CLANG_WARN_NON_LITERAL_NULL_CONVERSION = YES;
				CLANG_WARN_OBJC_IMPLICIT_RETAIN_SELF = YES;
				CLANG_WARN_OBJC_LITERAL_CONVERSION = YES;
				CLANG_WARN_OBJC_ROOT_CLASS = YES_ERROR;
				CLANG_WARN_QUOTED_INCLUDE_IN_FRAMEWORK_HEADER = YES;
				CLANG_WARN_RANGE_LOOP_ANALYSIS = YES;
				CLANG_WARN_STRICT_PROTOTYPES = YES;
				CLANG_WARN_SUSPICIOUS_MOVE = YES;
				CLANG_WARN_UNGUARDED_AVAILABILITY = YES_AGGRESSIVE;
				CLANG_WARN_UNREACHABLE_CODE = YES;
				CLANG_WARN__DUPLICATE_METHOD_MATCH = YES;
				COPY_PHASE_STRIP = NO;
				DEBUG_INFORMATION_FORMAT = dwarf;
				ENABLE_STRICT_OBJC_MSGSEND = YES;
				ENABLE_TESTABILITY = YES;
				ENABLE_USER_SCRIPT_SANDBOXING = YES;
				GCC_C_LANGUAGE_STANDARD = gnu17;
				GCC_DYNAMIC_NO_PIC = NO;
				GCC_NO_COMMON_BLOCKS = YES;
				GCC_OPTIMIZATION_LEVEL = 0;
				GCC_PREPROCESSOR_DEFINITIONS = (
					"DEBUG=1",
					"$(inherited)",
				);
				GCC_WARN_64_TO_32_BIT_CONVERSION = YES;
				GCC_WARN_ABOUT_RETURN_TYPE = YES_ERROR;
				GCC_WARN_UNDECLARED_SELECTOR = YES;
				GCC_WARN_UNINITIALIZED_AUTOS = YES_AGGRESSIVE;
				GCC_WARN_UNUSED_FUNCTION = YES;
				GCC_WARN_UNUSED_VARIABLE = YES;
				IPHONEOS_DEPLOYMENT_TARGET = 18.2;
				LOCALIZATION_PREFERS_STRING_CATALOGS = YES;
				MTL_ENABLE_DEBUG_INFO = INCLUDE_SOURCE;
				MTL_FAST_MATH = YES;
				ONLY_ACTIVE_ARCH = YES;
				SDKROOT = iphoneos;
				SWIFT_ACTIVE_COMPILATION_CONDITIONS = "DEBUG $(inherited)";
				SWIFT_OPTIMIZATION_LEVEL = "-Onone";
			};
			name = Debug;
		};
		3AD0720A2D98679B000D37FB /* Release */ = {
			isa = XCBuildConfiguration;
			buildSettings = {
				ALWAYS_SEARCH_USER_PATHS = NO;
				ASSETCATALOG_COMPILER_GENERATE_SWIFT_ASSET_SYMBOL_EXTENSIONS = YES;
				CLANG_ANALYZER_NONNULL = YES;
				CLANG_ANALYZER_NUMBER_OBJECT_CONVERSION = YES_AGGRESSIVE;
				CLANG_CXX_LANGUAGE_STANDARD = "gnu++20";
				CLANG_ENABLE_MODULES = YES;
				CLANG_ENABLE_OBJC_ARC = YES;
				CLANG_ENABLE_OBJC_WEAK = YES;
				CLANG_WARN_BLOCK_CAPTURE_AUTORELEASING = YES;
				CLANG_WARN_BOOL_CONVERSION = YES;
				CLANG_WARN_COMMA = YES;
				CLANG_WARN_CONSTANT_CONVERSION = YES;
				CLANG_WARN_DEPRECATED_OBJC_IMPLEMENTATIONS = YES;
				CLANG_WARN_DIRECT_OBJC_ISA_USAGE = YES_ERROR;
				CLANG_WARN_DOCUMENTATION_COMMENTS = YES;
				CLANG_WARN_EMPTY_BODY = YES;
				CLANG_WARN_ENUM_CONVERSION = YES;
				CLANG_WARN_INFINITE_RECURSION = YES;
				CLANG_WARN_INT_CONVERSION = YES;
				CLANG_WARN_NON_LITERAL_NULL_CONVERSION = YES;
				CLANG_WARN_OBJC_IMPLICIT_RETAIN_SELF = YES;
				CLANG_WARN_OBJC_LITERAL_CONVERSION = YES;
				CLANG_WARN_OBJC_ROOT_CLASS = YES_ERROR;
				CLANG_WARN_QUOTED_INCLUDE_IN_FRAMEWORK_HEADER = YES;
				CLANG_WARN_RANGE_LOOP_ANALYSIS = YES;
				CLANG_WARN_STRICT_PROTOTYPES = YES;
				CLANG_WARN_SUSPICIOUS_MOVE = YES;
				CLANG_WARN_UNGUARDED_AVAILABILITY = YES_AGGRESSIVE;
				CLANG_WARN_UNREACHABLE_CODE = YES;
				CLANG_WARN__DUPLICATE_METHOD_MATCH = YES;
				COPY_PHASE_STRIP = NO;
				DEBUG_INFORMATION_FORMAT = "dwarf-with-dsym";
				ENABLE_NS_ASSERTIONS = NO;
				ENABLE_STRICT_OBJC_MSGSEND = YES;
				ENABLE_USER_SCRIPT_SANDBOXING = YES;
				GCC_C_LANGUAGE_STANDARD = gnu17;
				GCC_NO_COMMON_BLOCKS = YES;
				GCC_WARN_64_TO_32_BIT_CONVERSION = YES;
				GCC_WARN_ABOUT_RETURN_TYPE = YES_ERROR;
				GCC_WARN_UNDECLARED_SELECTOR = YES;
				GCC_WARN_UNINITIALIZED_AUTOS = YES_AGGRESSIVE;
				GCC_WARN_UNUSED_FUNCTION = YES;
				GCC_WARN_UNUSED_VARIABLE = YES;
				IPHONEOS_DEPLOYMENT_TARGET = 18.2;
				LOCALIZATION_PREFERS_STRING_CATALOGS = YES;
				MTL_ENABLE_DEBUG_INFO = NO;
				MTL_FAST_MATH = YES;
				SDKROOT = iphoneos;
				SWIFT_COMPILATION_MODE = wholemodule;
				VALIDATE_PRODUCT = YES;
			};
			name = Release;
		};
		3AD0720C2D98679B000D37FB /* Debug */ = {
			isa = XCBuildConfiguration;
			buildSettings = {
				ASSETCATALOG_COMPILER_APPICON_NAME = AppIcon;
				ASSETCATALOG_COMPILER_GLOBAL_ACCENT_COLOR_NAME = AccentColor;
				CODE_SIGN_STYLE = Automatic;
				CURRENT_PROJECT_VERSION = 1;
				DEVELOPMENT_ASSET_PATHS = "\"Lexicon/Preview Content\"";
				DEVELOPMENT_TEAM = P6PV2R9443;
				ENABLE_PREVIEWS = YES;
				GENERATE_INFOPLIST_FILE = YES;
				INFOPLIST_FILE = Lexicon/Info.plist;
				INFOPLIST_KEY_CFBundleDisplayName = Lexicon;
				INFOPLIST_KEY_LSApplicationCategoryType = "public.app-category.education";
				INFOPLIST_KEY_UIApplicationSceneManifest_Generation = YES;
				INFOPLIST_KEY_UIApplicationSupportsIndirectInputEvents = YES;
				INFOPLIST_KEY_UILaunchScreen_Generation = YES;
				INFOPLIST_KEY_UISupportedInterfaceOrientations = UIInterfaceOrientationPortrait;
				IPHONEOS_DEPLOYMENT_TARGET = 15.6;
				LD_RUNPATH_SEARCH_PATHS = (
					"$(inherited)",
					"@executable_path/Frameworks",
				);
				MARKETING_VERSION = 2.0;
				PRODUCT_BUNDLE_IDENTIFIER = com.ayaangrover.lexiconapp;
				PRODUCT_NAME = "$(TARGET_NAME)";
				SWIFT_EMIT_LOC_STRINGS = YES;
				SWIFT_VERSION = 5.0;
				TARGETED_DEVICE_FAMILY = 1;
			};
			name = Debug;
		};
		3AD0720D2D98679B000D37FB /* Release */ = {
			isa = XCBuildConfiguration;
			buildSettings = {
				ASSETCATALOG_COMPILER_APPICON_NAME = AppIcon;
				ASSETCATALOG_COMPILER_GLOBAL_ACCENT_COLOR_NAME = AccentColor;
				CODE_SIGN_STYLE = Automatic;
				CURRENT_PROJECT_VERSION = 1;
				DEVELOPMENT_ASSET_PATHS = "\"Lexicon/Preview Content\"";
				DEVELOPMENT_TEAM = P6PV2R9443;
				ENABLE_PREVIEWS = YES;
				GENERATE_INFOPLIST_FILE = YES;
				INFOPLIST_FILE = Lexicon/Info.plist;
				INFOPLIST_KEY_CFBundleDisplayName = Lexicon;
				INFOPLIST_KEY_LSApplicationCategoryType = "public.app-category.education";
				INFOPLIST_KEY_UIApplicationSceneManifest_Generation = YES;
				INFOPLIST_KEY_UIApplicationSupportsIndirectInputEvents = YES;
				INFOPLIST_KEY_UILaunchScreen_Generation = YES;
				INFOPLIST_KEY_UISupportedInterfaceOrientations = UIInterfaceOrientationPortrait;
				IPHONEOS_DEPLOYMENT_TARGET = 15.6;
				LD_RUNPATH_SEARCH_PATHS = (
					"$(inherited)",
					"@executable_path/Frameworks",
				);
				MARKETING_VERSION = 2.0;
				PRODUCT_BUNDLE_IDENTIFIER = com.ayaangrover.lexiconapp;
				PRODUCT_NAME = "$(TARGET_NAME)";
				SWIFT_EMIT_LOC_STRINGS = YES;
				SWIFT_VERSION = 5.0;
				TARGETED_DEVICE_FAMILY = 1;
			};
			name = Release;
		};
		3AD0720F2D98679B000D37FB /* Debug */ = {
			isa = XCBuildConfiguration;
			buildSettings = {
				BUNDLE_LOADER = "$(TEST_HOST)";
				CODE_SIGN_STYLE = Automatic;
				CURRENT_PROJECT_VERSION = 1;
				DEVELOPMENT_TEAM = 9647R7RL9Q;
				GENERATE_INFOPLIST_FILE = YES;
				IPHONEOS_DEPLOYMENT_TARGET = 18.2;
				MARKETING_VERSION = 1.0;
				PRODUCT_BUNDLE_IDENTIFIER = com.ayaangrover.LexiconTests;
				PRODUCT_NAME = "$(TARGET_NAME)";
				SWIFT_EMIT_LOC_STRINGS = NO;
				SWIFT_VERSION = 5.0;
				TARGETED_DEVICE_FAMILY = "1,2";
				TEST_HOST = "$(BUILT_PRODUCTS_DIR)/Lexicon.app/$(BUNDLE_EXECUTABLE_FOLDER_PATH)/Lexicon";
			};
			name = Debug;
		};
		3AD072102D98679B000D37FB /* Release */ = {
			isa = XCBuildConfiguration;
			buildSettings = {
				BUNDLE_LOADER = "$(TEST_HOST)";
				CODE_SIGN_STYLE = Automatic;
				CURRENT_PROJECT_VERSION = 1;
				DEVELOPMENT_TEAM = 9647R7RL9Q;
				GENERATE_INFOPLIST_FILE = YES;
				IPHONEOS_DEPLOYMENT_TARGET = 18.2;
				MARKETING_VERSION = 1.0;
				PRODUCT_BUNDLE_IDENTIFIER = com.ayaangrover.LexiconTests;
				PRODUCT_NAME = "$(TARGET_NAME)";
				SWIFT_EMIT_LOC_STRINGS = NO;
				SWIFT_VERSION = 5.0;
				TARGETED_DEVICE_FAMILY = "1,2";
				TEST_HOST = "$(BUILT_PRODUCTS_DIR)/Lexicon.app/$(BUNDLE_EXECUTABLE_FOLDER_PATH)/Lexicon";
			};
			name = Release;
		};
		3AD072122D98679B000D37FB /* Debug */ = {
			isa = XCBuildConfiguration;
			buildSettings = {
				CODE_SIGN_STYLE = Automatic;
				CURRENT_PROJECT_VERSION = 1;
				DEVELOPMENT_TEAM = 9647R7RL9Q;
				GENERATE_INFOPLIST_FILE = YES;
				MARKETING_VERSION = 1.0;
				PRODUCT_BUNDLE_IDENTIFIER = com.ayaangrover.LexiconUITests;
				PRODUCT_NAME = "$(TARGET_NAME)";
				SWIFT_EMIT_LOC_STRINGS = NO;
				SWIFT_VERSION = 5.0;
				TARGETED_DEVICE_FAMILY = "1,2";
				TEST_TARGET_NAME = Lexicon;
			};
			name = Debug;
		};
		3AD072132D98679B000D37FB /* Release */ = {
			isa = XCBuildConfiguration;
			buildSettings = {
				CODE_SIGN_STYLE = Automatic;
				CURRENT_PROJECT_VERSION = 1;
				DEVELOPMENT_TEAM = 9647R7RL9Q;
				GENERATE_INFOPLIST_FILE = YES;
				MARKETING_VERSION = 1.0;
				PRODUCT_BUNDLE_IDENTIFIER = com.ayaangrover.LexiconUITests;
				PRODUCT_NAME = "$(TARGET_NAME)";
				SWIFT_EMIT_LOC_STRINGS = NO;
				SWIFT_VERSION = 5.0;
				TARGETED_DEVICE_FAMILY = "1,2";
				TEST_TARGET_NAME = Lexicon;
			};
			name = Release;
		};
/* End XCBuildConfiguration section */

/* Begin XCConfigurationList section */
		3AD071E22D986799000D37FB /* Build configuration list for PBXProject "Lexicon" */ = {
			isa = XCConfigurationList;
			buildConfigurations = (
				3AD072092D98679B000D37FB /* Debug */,
				3AD0720A2D98679B000D37FB /* Release */,
			);
			defaultConfigurationIsVisible = 0;
			defaultConfigurationName = Release;
		};
		3AD0720B2D98679B000D37FB /* Build configuration list for PBXNativeTarget "Lexicon" */ = {
			isa = XCConfigurationList;
			buildConfigurations = (
				3AD0720C2D98679B000D37FB /* Debug */,
				3AD0720D2D98679B000D37FB /* Release */,
			);
			defaultConfigurationIsVisible = 0;
			defaultConfigurationName = Release;
		};
		3AD0720E2D98679B000D37FB /* Build configuration list for PBXNativeTarget "LexiconTests" */ = {
			isa = XCConfigurationList;
			buildConfigurations = (
				3AD0720F2D98679B000D37FB /* Debug */,
				3AD072102D98679B000D37FB /* Release */,
			);
			defaultConfigurationIsVisible = 0;
			defaultConfigurationName = Release;
		};
		3AD072112D98679B000D37FB /* Build configuration list for PBXNativeTarget "LexiconUITests" */ = {
			isa = XCConfigurationList;
			buildConfigurations = (
				3AD072122D98679B000D37FB /* Debug */,
				3AD072132D98679B000D37FB /* Release */,
			);
			defaultConfigurationIsVisible = 0;
			defaultConfigurationName = Release;
		};
/* End XCConfigurationList section */

/* Begin XCRemoteSwiftPackageReference section */
		3AD0721C2D98762B000D37FB /* XCRemoteSwiftPackageReference "firebase-ios-sdk" */ = {
			isa = XCRemoteSwiftPackageReference;
			repositoryURL = "https://github.com/firebase/firebase-ios-sdk.git";
			requirement = {
				kind = upToNextMajorVersion;
				minimumVersion = 11.10.0;
			};
		};
/* End XCRemoteSwiftPackageReference section */

/* Begin XCSwiftPackageProductDependency section */
		3A5CA8B12DA32EF600DA6C93 /* FirebaseStorage */ = {
			isa = XCSwiftPackageProductDependency;
			package = 3AD0721C2D98762B000D37FB /* XCRemoteSwiftPackageReference "firebase-ios-sdk" */;
			productName = FirebaseStorage;
		};
		3A5CA8B32DA32EF600DA6C93 /* FirebaseStorageCombine-Community */ = {
			isa = XCSwiftPackageProductDependency;
			package = 3AD0721C2D98762B000D37FB /* XCRemoteSwiftPackageReference "firebase-ios-sdk" */;
			productName = "FirebaseStorageCombine-Community";
		};
		3AD0721D2D98762B000D37FB /* FirebaseAuth */ = {
			isa = XCSwiftPackageProductDependency;
			package = 3AD0721C2D98762B000D37FB /* XCRemoteSwiftPackageReference "firebase-ios-sdk" */;
			productName = FirebaseAuth;
		};
		3AF2E1782D99FB30006C5787 /* FirebaseFirestore */ = {
			isa = XCSwiftPackageProductDependency;
			package = 3AD0721C2D98762B000D37FB /* XCRemoteSwiftPackageReference "firebase-ios-sdk" */;
			productName = FirebaseFirestore;
		};
		3AF2E17A2D99FB30006C5787 /* FirebaseFirestoreCombine-Community */ = {
			isa = XCSwiftPackageProductDependency;
			package = 3AD0721C2D98762B000D37FB /* XCRemoteSwiftPackageReference "firebase-ios-sdk" */;
			productName = "FirebaseFirestoreCombine-Community";
		};
/* End XCSwiftPackageProductDependency section */
	};
	rootObject = 3AD071DF2D986799000D37FB /* Project object */;
}
